dependencies:
- name: keycloak
  repository: oci://registry-1.docker.io/bitnamicharts
  version: 24.4.9
- name: postgresql
  repository: oci://registry-1.docker.io/bitnamicharts
  version: 16.4.7
- name: jaeger
  repository: https://jaegertracing.github.io/helm-charts
  version: 3.3.3
- name: prometheus
  repository: https://prometheus-community.github.io/helm-charts
  version: 27.1.0
- name: opentelemetry-collector
  repository: https://open-telemetry.github.io/opentelemetry-helm-charts
  version: 0.111.1
digest: sha256:9b5434e2fb770194b9c01020870222f1dc1ad7152925860a8fd13f5d32120994
generated: "2025-02-11T17:58:39.821476902-03:00"
