dependencies:
- name: keycloak
  repository: oci://registry-1.docker.io/bitnamicharts
  version: 22.0.0
- name: postgresql
  repository: oci://registry-1.docker.io/bitnamicharts
  version: 16.0.0
- name: jaeger
  repository: https://jaegertracing.github.io/helm-charts
  version: 3.3.3
- name: prometheus
  repository: https://prometheus-community.github.io/helm-charts
  version: 27.1.0
- name: opentelemetry-collector
  repository: https://open-telemetry.github.io/opentelemetry-helm-charts
  version: 0.111.1
digest: sha256:4f47ebddac0385759285f97b3e3b909372fb09ee3c925cbc1c915c204b7bca26
generated: "2025-02-05T20:44:06.701657982-03:00"
